{"1.1.0",
[{<<"amqp_client">>,{pkg,<<"amqp_client">>,<<"3.7.14">>},0},
 {<<"bbmustache">>,{pkg,<<"bbmustache">>,<<"1.6.0">>},1},
 {<<"certifi">>,{pkg,<<"certifi">>,<<"2.3.1">>},1},
 {<<"cf">>,{pkg,<<"cf">>,<<"0.2.2">>},1},
 {<<"cowboy">>,
  {git,"https://github.com/ninenines/cowboy.git",
       {ref,"a7b06f2e138c0c03c2511ed9fe6803fc9ebf3401"}},
  0},
 {<<"cowlib">>,
  {git,"https://github.com/ninenines/cowlib",
       {ref,"b6381527831c5ebb74759e119a517b7d22d4b23a"}},
  1},
 {<<"cth_readable">>,{pkg,<<"cth_readable">>,<<"1.4.3">>},1},
 {<<"emqttc">>,
  {git,"https://github.com/emqtt/emqttc.git",
       {ref,"1a0d45085b987bdca74a6efbdc18aa5af85bfc43"}},
  0},
 {<<"erlware_commons">>,{pkg,<<"erlware_commons">>,<<"1.3.1">>},1},
 {<<"eunit_formatters">>,{pkg,<<"eunit_formatters">>,<<"0.5.0">>},1},
 {<<"fs">>,
  {git,"https://github.com/synrc/fs.git",
       {ref,"eb23be199b0ad407bddd5a9c27f301fd17709eea"}},
  0},
 {<<"getopt">>,{pkg,<<"getopt">>,<<"1.0.1">>},1},
 {<<"goldrush">>,{pkg,<<"goldrush">>,<<"0.1.9">>},1},
 {<<"gpb">>,
  {git,"https://github.com/tomas-abrahamsson/gpb.git",
       {ref,"6625ed6adbfe1ebc4243b1a06c117fc1d484854d"}},
  0},
 {<<"jsx">>,
  {git,"https://github.com/talentdeficit/jsx.git",
       {ref,"fc2a001073f2300ba38427c23e83d5673c020542"}},
  0},
 {<<"lager">>,
  {git,"https://github.com/erlang-lager/lager.git",
       {ref,"b19a180dc1ee954eb29d7bd13cbb50374b6e42d2"}},
  0},
 {<<"mysql">>,
  {git,"https://github.com/dizzyd/erlang-mysql-driver.git",
       {ref,"051f22e1cbe130061b43273a14217c659e6b860d"}},
  0},
 {<<"parse_trans">>,{pkg,<<"parse_trans">>,<<"3.3.0">>},1},
 {<<"poolboy">>,{pkg,<<"poolboy">>,<<"1.5.1">>},0},
 {<<"providers">>,{pkg,<<"providers">>,<<"1.7.0">>},1},
 {<<"rabbit_common">>,{pkg,<<"rabbit_common">>,<<"3.7.14">>},1},
 {<<"ranch">>,
  {git,"https://github.com/ninenines/ranch",
       {ref,"55c2a9d623454f372a15e99721a37093d8773b48"}},
  1},
 {<<"rebar3">>,
  {git,"https://github.com/erlang/rebar3.git",
       {ref,"df53ad18ff5330660bd102d3a4071cb0962c8dda"}},
  0},
 {<<"recon">>,{pkg,<<"recon">>,<<"2.4.0">>},2},
 {<<"redis">>,
  {git,"https://github.com/wooga/eredis.git",
       {ref,"6845ed50e13f456ecd115bcf9de666a58a1529dc"}},
  0},
 {<<"relx">>,{pkg,<<"relx">>,<<"3.29.0">>},1},
 {<<"ssl_verify_fun">>,{pkg,<<"ssl_verify_fun">>,<<"1.1.3">>},1},
 {<<"sync">>,
  {git,"https://github.com/rustyio/sync.git",
       {ref,"d7ded2d221fb542b3417cffe77163206613daacb"}},
  0},
 {<<"websocket_client">>,
  {git,"https://github.com/jeremyong/websocket_client.git",
       {ref,"9a6f65d05ebf2725d62fb19262b21f1805a59fbf"}},
  0}]}.
[
{pkg_hash,[
 {<<"amqp_client">>, <<"BF8FD391A3FF02AE6FB8006F07900E22958C50A0A05B8B4856BBAF42F90FDAA2">>},
 {<<"bbmustache">>, <<"7AC372AEC621A69C369DF237FBD9986CAABCDD6341089FE5F42E5A7A4AC706B8">>},
 {<<"certifi">>, <<"D0F424232390BF47D82DA8478022301C561CF6445B5B5FB6A84D49A9E76D2639">>},
 {<<"cf">>, <<"7F2913FFF90ABCABD0F489896CFEB0B0674F6C8DF6C10B17A83175448029896C">>},
 {<<"cth_readable">>, <<"5B8117797E89D5074022CA21C7867216B796C5C04895B71C097EC8BF0F8A55C1">>},
 {<<"erlware_commons">>, <<"0CE192AD69BC6FD0880246D852D0ECE17631E234878011D1586E053641ED4C04">>},
 {<<"eunit_formatters">>, <<"6A9133943D36A465D804C1C5B6E6839030434B8879C5600D7DDB5B3BAD4CCB59">>},
 {<<"getopt">>, <<"C73A9FA687B217F2FF79F68A3B637711BB1936E712B521D8CE466B29CBF7808A">>},
 {<<"goldrush">>, <<"F06E5D5F1277DA5C413E84D5A2924174182FB108DABB39D5EC548B27424CD106">>},
 {<<"parse_trans">>, <<"09765507A3C7590A784615CFD421D101AEC25098D50B89D7AA1D66646BC571C1">>},
 {<<"poolboy">>, <<"6B46163901CFD0A1B43D692657ED9D7E599853B3B21B95AE5AE0A777CF9B6CA8">>},
 {<<"providers">>, <<"BBF730563914328EC2511D205E6477A94831DB7297DE313B3872A2B26C562EAB">>},
 {<<"rabbit_common">>, <<"607741EFF927EC9FEB5D190C4624816C6DFCD6F49B1F8BAB1F753C9417D74141">>},
 {<<"recon">>, <<"901FF78B39C754FB4D6FD72DCF0DBD398967BBD2E4D59C08D4D7AA44A73DE91D">>},
 {<<"relx">>, <<"CEDB052F2417784C939AE23FE2EF2C243B6A272C419B85510B33BC1C55728082">>},
 {<<"ssl_verify_fun">>, <<"6C49665D4326E26CD4A5B7BD54AA442B33DADFB7C5D59A0D0CD0BF5534BBFBD7">>}]}
].
